{
  "name": "learn-actions",
  "version": "1.0.0",
  "lockfileVersion": 3,
  "requires": true,
  "packages": {
    "": {
      "name": "learn-actions",
      "version": "1.0.0",
      "license": "ISC",
      "devDependencies": {
        "json-ts": "^1.6.4"
      }
    },
    "node_modules/get-stdin": {
      "version": "5.0.1",
      "resolved": "https://registry.npmjs.org/get-stdin/-/get-stdin-5.0.1.tgz",
      "integrity": "sha512-jZV7n6jGE3Gt7fgSTJoz91Ak5MuTLwMwkoYdjxuJ/AmjIsE1UC03y/IWkZCQGEvVNS9qoRNwy5BCqxImv0FVeA==",
      "dev": true,
      "engines": {
        "node": ">=0.12.0"
      }
    },
    "node_modules/immutable": {
      "version": "3.8.2",
      "resolved": "https://registry.npmjs.org/immutable/-/immutable-3.8.2.tgz",
      "integrity": "sha512-15gZoQ38eYjEjxkorfbcgBKBL6R7T459OuK+CpcWt7O3KF4uPCx2tD0uFETlUDIyo+1789crbMhTvQBSR5yBMg==",
      "dev": true,
      "engines": {
        "node": ">=0.10.0"
      }
    },
    "node_modules/json-ts": {
      "version": "1.6.4",
      "resolved": "https://registry.npmjs.org/json-ts/-/json-ts-1.6.4.tgz",
      "integrity": "sha512-NFsb12aYB3v2W14UOX6zcYvfrkFmwJWlzGrmKFlRQtJujtnpAKFRvVem4L30MvJjJQmOKDUTRIgLUAE4UTFqRg==",
      "dev": true,
      "dependencies": {
        "get-stdin": "^5.0.1",
        "immutable": "^3.8.1",
        "minimist": "^1.2.0",
        "needsquotes": "^1.0.0",
        "transducers-js": "^0.4.174",
        "typescript": "^2.3.2"
      },
      "bin": {
        "json-ts": "dist/bin.js"
      }
    },
    "node_modules/minimist": {
      "version": "1.2.8",
      "resolved": "https://registry.npmjs.org/minimist/-/minimist-1.2.8.tgz",
      "integrity": "sha512-2yyAR8qBkN3YuheJanUpWC5U3bb5osDywNB8RzDVlDwDHbocAJveqqj1u8+SVD7jkWT4yvsHCpWqqWqAxb0zCA==",
      "dev": true,
      "funding": {
        "url": "https://github.com/sponsors/ljharb"
      }
    },
    "node_modules/needsquotes": {
      "version": "1.0.0",
      "resolved": "https://registry.npmjs.org/needsquotes/-/needsquotes-1.0.0.tgz",
      "integrity": "sha512-9s1L/CCkVzc6DkK2OHsI+ltpPHxW4RvAYOcAV/AqSUlO5knDR3QjPeBeHeCryw6BCpRx0EtNBnEVkwYRCZvlkg==",
      "dev": true
    },
    "node_modules/transducers-js": {
      "version": "0.4.174",
      "resolved": "https://registry.npmjs.org/transducers-js/-/transducers-js-0.4.174.tgz",
      "integrity": "sha512-MwhBNx6TDMrS/pfCa24YzCfC1+W3LcFC0YoF5XNpuZC1pEjuGLP2B0iMt/bYO3rnClhd3dN3c3Ko4+JhOBLoLw==",
      "dev": true,
      "engines": {
        "node": ">= 0.10.0"
      }
    },
    "node_modules/typescript": {
      "version": "2.9.2",
      "resolved": "https://registry.npmjs.org/typescript/-/typescript-2.9.2.tgz",
      "integrity": "sha512-Gr4p6nFNaoufRIY4NMdpQRNmgxVIGMs4Fcu/ujdYk3nAZqk7supzBE9idmvfZIlH/Cuj//dvi+019qEue9lV0w==",
      "dev": true,
      "bin": {
        "tsc": "bin/tsc",
        "tsserver": "bin/tsserver"
      },
      "engines": {
        "node": ">=4.2.0"
      }
    }
  }
}
